// !$*UTF8*$!
{
	archiveVersion = 1;
	classes = {
	};
	objectVersion = 46;
	objects = {

/* Begin PBXBuildFile section */
		DC1C05091CC952F300BF12B0 /* Questions.swift in Sources */ = {isa = PBXBuildFile; fileRef = DC1C05081CC952F300BF12B0 /* Questions.swift */; };
		DC34EFE91CC949ED00FD62E6 /* AppDelegate.swift in Sources */ = {isa = PBXBuildFile; fileRef = DC34EFE81CC949ED00FD62E6 /* AppDelegate.swift */; };
		DC34EFEB1CC949ED00FD62E6 /* ViewController.swift in Sources */ = {isa = PBXBuildFile; fileRef = DC34EFEA1CC949ED00FD62E6 /* ViewController.swift */; };
		DC34EFEE1CC949ED00FD62E6 /* Main.storyboard in Resources */ = {isa = PBXBuildFile; fileRef = DC34EFEC1CC949ED00FD62E6 /* Main.storyboard */; };
		DC34EFF01CC949ED00FD62E6 /* Assets.xcassets in Resources */ = {isa = PBXBuildFile; fileRef = DC34EFEF1CC949ED00FD62E6 /* Assets.xcassets */; };
		DC34EFF31CC949ED00FD62E6 /* LaunchScreen.storyboard in Resources */ = {isa = PBXBuildFile; fileRef = DC34EFF11CC949ED00FD62E6 /* LaunchScreen.storyboard */; };
/* End PBXBuildFile section */

/* Begin PBXFileReference section */
		DC1C05081CC952F300BF12B0 /* Questions.swift */ = {isa = PBXFileReference; fileEncoding = 4; lastKnownFileType = sourcecode.swift; path = Questions.swift; sourceTree = "<group>"; };
		DC34EFE51CC949ED00FD62E6 /* CTHG.app */ = {isa = PBXFileReference; explicitFileType = wrapper.application; includeInIndex = 0; path = CTHG.app; sourceTree = BUILT_PRODUCTS_DIR; };
		DC34EFE81CC949ED00FD62E6 /* AppDelegate.swift */ = {isa = PBXFileReference; lastKnownFileType = sourcecode.swift; path = AppDelegate.swift; sourceTree = "<group>"; };
		DC34EFEA1CC949ED00FD62E6 /* ViewController.swift */ = {isa = PBXFileReference; lastKnownFileType = sourcecode.swift; path = ViewController.swift; sourceTree = "<group>"; };
		DC34EFED1CC949ED00FD62E6 /* Base */ = {isa = PBXFileReference; lastKnownFileType = file.storyboard; name = Base; path = Base.lproj/Main.storyboard; sourceTree = "<group>"; };
		DC34EFEF1CC949ED00FD62E6 /* Assets.xcassets */ = {isa = PBXFileReference; lastKnownFileType = folder.assetcatalog; path = Assets.xcassets; sourceTree = "<group>"; };
		DC34EFF21CC949ED00FD62E6 /* Base */ = {isa = PBXFileReference; lastKnownFileType = file.storyboard; name = Base; path = Base.lproj/LaunchScreen.storyboard; sourceTree = "<group>"; };
		DC34EFF41CC949ED00FD62E6 /* Info.plist */ = {isa = PBXFileReference; lastKnownFileType = text.plist.xml; path = Info.plist; sourceTree = "<group>"; };
/* End PBXFileReference section */

/* Begin PBXFrameworksBuildPhase section */
		DC34EFE21CC949ED00FD62E6 /* Frameworks */ = {
			isa = PBXFrameworksBuildPhase;
			buildActionMask = 2147483647;
			files = (
			);
			runOnlyForDeploymentPostprocessing = 0;
		};
/* End PBXFrameworksBuildPhase section */

/* Begin PBXGroup section */
		DC34EFDC1CC949ED00FD62E6 = {
			isa = PBXGroup;
			children = (
				DC34EFE71CC949ED00FD62E6 /* CTHG */,
				DC34EFE61CC949ED00FD62E6 /* Products */,
			);
			sourceTree = "<group>";
		};
		DC34EFE61CC949ED00FD62E6 /* Products */ = {
			isa = PBXGroup;
			children = (
				DC34EFE51CC949ED00FD62E6 /* CTHG.app */,
			);
			name = Products;
			sourceTree = "<group>";
		};
		DC34EFE71CC949ED00FD62E6 /* CTHG */ = {
			isa = PBXGroup;
			children = (
				DC34EFE81CC949ED00FD62E6 /* AppDelegate.swift */,
				DC34EFEA1CC949ED00FD62E6 /* ViewController.swift */,
				DC34EFEC1CC949ED00FD62E6 /* Main.storyboard */,
				DC34EFEF1CC949ED00FD62E6 /* Assets.xcassets */,
				DC34EFF11CC949ED00FD62E6 /* LaunchScreen.storyboard */,
				DC34EFF41CC949ED00FD62E6 /* Info.plist */,
				DC1C05081CC952F300BF12B0 /* Questions.swift */,
			);
			path = CTHG;
			sourceTree = "<group>";
		};
/* End PBXGroup section */

/* Begin PBXNativeTarget section */
		DC34EFE41CC949ED00FD62E6 /* CTHG */ = {
			isa = PBXNativeTarget;
			buildConfigurationList = DC34EFF71CC949ED00FD62E6 /* Build configuration list for PBXNativeTarget "CTHG" */;
			buildPhases = (
				DC34EFE11CC949ED00FD62E6 /* Sources */,
				DC34EFE21CC949ED00FD62E6 /* Frameworks */,
				DC34EFE31CC949ED00FD62E6 /* Resources */,
			);
			buildRules = (
			);
			dependencies = (
			);
			name = CTHG;
			productName = CTHG;
			productReference = DC34EFE51CC949ED00FD62E6 /* CTHG.app */;
			productType = "com.apple.product-type.application";
		};
/* End PBXNativeTarget section */

/* Begin PBXProject section */
		DC34EFDD1CC949ED00FD62E6 /* Project object */ = {
			isa = PBXProject;
			attributes = {
				LastSwiftUpdateCheck = 0730;
				LastUpgradeCheck = 0730;
				ORGANIZATIONNAME = "Epic Gaming";
				TargetAttributes = {
					DC34EFE41CC949ED00FD62E6 = {
						CreatedOnToolsVersion = 7.3;
					};
				};
			};
			buildConfigurationList = DC34EFE01CC949ED00FD62E6 /* Build configuration list for PBXProject "CTHG" */;
			compatibilityVersion = "Xcode 3.2";
			developmentRegion = English;
			hasScannedForEncodings = 0;
			knownRegions = (
				en,
				Base,
			);
			mainGroup = DC34EFDC1CC949ED00FD62E6;
			productRefGroup = DC34EFE61CC949ED00FD62E6 /* Products */;
			projectDirPath = "";
			projectRoot = "";
			targets = (
				DC34EFE41CC949ED00FD62E6 /* CTHG */,
			);
		};
/* End PBXProject section */

/* Begin PBXResourcesBuildPhase section */
		DC34EFE31CC949ED00FD62E6 /* Resources */ = {
			isa = PBXResourcesBuildPhase;
			buildActionMask = 2147483647;
			files = (
				DC34EFF31CC949ED00FD62E6 /* LaunchScreen.storyboard in Resources */,
				DC34EFF01CC949ED00FD62E6 /* Assets.xcassets in Resources */,
				DC34EFEE1CC949ED00FD62E6 /* Main.storyboard in Resources */,
			);
			runOnlyForDeploymentPostprocessing = 0;
		};
/* End PBXResourcesBuildPhase section */

/* Begin PBXSourcesBuildPhase section */
		DC34EFE11CC949ED00FD62E6 /* Sources */ = {
			isa = PBXSourcesBuildPhase;
			buildActionMask = 2147483647;
			files = (
				DC1C05091CC952F300BF12B0 /* Questions.swift in Sources */,
				DC34EFEB1CC949ED00FD62E6 /* ViewController.swift in Sources */,
				DC34EFE91CC949ED00FD62E6 /* AppDelegate.swift in Sources */,
			);
			runOnlyForDeploymentPostprocessing = 0;
		};
/* End PBXSourcesBuildPhase section */

/* Begin PBXVariantGroup section */
		DC34EFEC1CC949ED00FD62E6 /* Main.storyboard */ = {
			isa = PBXVariantGroup;
			children = (
				DC34EFED1CC949ED00FD62E6 /* Base */,
			);
			name = Main.storyboard;
			sourceTree = "<group>";
		};
		DC34EFF11CC949ED00FD62E6 /* LaunchScreen.storyboard */ = {
			isa = PBXVariantGroup;
			children = (
				DC34EFF21CC949ED00FD62E6 /* Base */,
			);
			name = LaunchScreen.storyboard;
			sourceTree = "<group>";
		};
/* End PBXVariantGroup section */

/* Begin XCBuildConfiguration section */
		DC34EFF51CC949ED00FD62E6 /* Debug */ = {
			isa = XCBuildConfiguration;
			buildSettings = {
				ALWAYS_SEARCH_USER_PATHS = NO;
				CLANG_ANALYZER_NONNULL = YES;
				CLANG_CXX_LANGUAGE_STANDARD = "gnu++0x";
				CLANG_CXX_LIBRARY = "libc++";
				CLANG_ENABLE_MODULES = YES;
				CLANG_ENABLE_OBJC_ARC = YES;
				CLANG_WARN_BOOL_CONVERSION = YES;
				CLANG_WARN_CONSTANT_CONVERSION = YES;
				CLANG_WARN_DIRECT_OBJC_ISA_USAGE = YES_ERROR;
				CLANG_WARN_EMPTY_BODY = YES;
				CLANG_WARN_ENUM_CONVERSION = YES;
				CLANG_WARN_INT_CONVERSION = YES;
				CLANG_WARN_OBJC_ROOT_CLASS = YES_ERROR;
				CLANG_WARN_UNREACHABLE_CODE = YES;
				CLANG_WARN__DUPLICATE_METHOD_MATCH = YES;
				"CODE_SIGN_IDENTITY[sdk=iphoneos*]" = "iPhone Developer";
				COPY_PHASE_STRIP = NO;
				DEBUG_INFORMATION_FORMAT = dwarf;
				ENABLE_STRICT_OBJC_MSGSEND = YES;
				ENABLE_TESTABILITY = YES;
				GCC_C_LANGUAGE_STANDARD = gnu99;
				GCC_DYNAMIC_NO_PIC = NO;
				GCC_NO_COMMON_BLOCKS = YES;
				GCC_OPTIMIZATION_LEVEL = 0;
				GCC_PREPROCESSOR_DEFINITIONS = (
					"DEBUG=1",
					"$(inherited)",
				);
				GCC_WARN_64_TO_32_BIT_CONVERSION = YES;
				GCC_WARN_ABOUT_RETURN_TYPE = YES_ERROR;
				GCC_WARN_UNDECLARED_SELECTOR = YES;
				GCC_WARN_UNINITIALIZED_AUTOS = YES_AGGRESSIVE;
				GCC_WARN_UNUSED_FUNCTION = YES;
				GCC_WARN_UNUSED_VARIABLE = YES;
				IPHONEOS_DEPLOYMENT_TARGET = 9.3;
				MTL_ENABLE_DEBUG_INFO = YES;
				ONLY_ACTIVE_ARCH = YES;
				SDKROOT = iphoneos;
				SWIFT_OPTIMIZATION_LEVEL = "-Onone";
			};
			name = Debug;
		};
		DC34EFF61CC949ED00FD62E6 /* Release */ = {
			isa = XCBuildConfiguration;
			buildSettings = {
				ALWAYS_SEARCH_USER_PATHS = NO;
				CLANG_ANALYZER_NONNULL = YES;
				CLANG_CXX_LANGUAGE_STANDARD = "gnu++0x";
				CLANG_CXX_LIBRARY = "libc++";
				CLANG_ENABLE_MODULES = YES;
				CLANG_ENABLE_OBJC_ARC = YES;
				CLANG_WARN_BOOL_CONVERSION = YES;
				CLANG_WARN_CONSTANT_CONVERSION = YES;
				CLANG_WARN_DIRECT_OBJC_ISA_USAGE = YES_ERROR;
				CLANG_WARN_EMPTY_BODY = YES;
				CLANG_WARN_ENUM_CONVERSION = YES;
				CLANG_WARN_INT_CONVERSION = YES;
				CLANG_WARN_OBJC_ROOT_CLASS = YES_ERROR;
				CLANG_WARN_UNREACHABLE_CODE = YES;
				CLANG_WARN__DUPLICATE_METHOD_MATCH = YES;
				"CODE_SIGN_IDENTITY[sdk=iphoneos*]" = "iPhone Developer";
				COPY_PHASE_STRIP = NO;
				DEBUG_INFORMATION_FORMAT = "dwarf-with-dsym";
				ENABLE_NS_ASSERTIONS = NO;
				ENABLE_STRICT_OBJC_MSGSEND = YES;
				GCC_C_LANGUAGE_STANDARD = gnu99;
				GCC_NO_COMMON_BLOCKS = YES;
				GCC_WARN_64_TO_32_BIT_CONVERSION = YES;
				GCC_WARN_ABOUT_RETURN_TYPE = YES_ERROR;
				GCC_WARN_UNDECLARED_SELECTOR = YES;
				GCC_WARN_UNINITIALIZED_AUTOS = YES_AGGRESSIVE;
				GCC_WARN_UNUSED_FUNCTION = YES;
				GCC_WARN_UNUSED_VARIABLE = YES;
				IPHONEOS_DEPLOYMENT_TARGET = 9.3;
				MTL_ENABLE_DEBUG_INFO = NO;
				SDKROOT = iphoneos;
				VALIDATE_PRODUCT = YES;
			};
			name = Release;
		};
		DC34EFF81CC949ED00FD62E6 /* Debug */ = {
			isa = XCBuildConfiguration;
			buildSettings = {
				ASSETCATALOG_COMPILER_APPICON_NAME = AppIcon;
				INFOPLIST_FILE = CTHG/Info.plist;
				LD_RUNPATH_SEARCH_PATHS = "$(inherited) @executable_path/Frameworks";
				PRODUCT_BUNDLE_IDENTIFIER = com.epicgaming.CTHG;
				PRODUCT_NAME = "$(TARGET_NAME)";
			};
			name = Debug;
		};
		DC34EFF91CC949ED00FD62E6 /* Release */ = {
			isa = XCBuildConfiguration;
			buildSettings = {
				ASSETCATALOG_COMPILER_APPICON_NAME = AppIcon;
				INFOPLIST_FILE = CTHG/Info.plist;
				LD_RUNPATH_SEARCH_PATHS = "$(inherited) @executable_path/Frameworks";
				PRODUCT_BUNDLE_IDENTIFIER = com.epicgaming.CTHG;
				PRODUCT_NAME = "$(TARGET_NAME)";
			};
			name = Release;
		};
/* End XCBuildConfiguration section */

/* Begin XCConfigurationList section */
		DC34EFE01CC949ED00FD62E6 /* Build configuration list for PBXProject "CTHG" */ = {
			isa = XCConfigurationList;
			buildConfigurations = (
				DC34EFF51CC949ED00FD62E6 /* Debug */,
				DC34EFF61CC949ED00FD62E6 /* Release */,
			);
			defaultConfigurationIsVisible = 0;
			defaultConfigurationName = Release;
		};
		DC34EFF71CC949ED00FD62E6 /* Build configuration list for PBXNativeTarget "CTHG" */ = {
			isa = XCConfigurationList;
			buildConfigurations = (
				DC34EFF81CC949ED00FD62E6 /* Debug */,
				DC34EFF91CC949ED00FD62E6 /* Release */,
			);
			defaultConfigurationIsVisible = 0;
			defaultConfigurationName = Release;
		};
/* End XCConfigurationList section */
	};
	rootObject = DC34EFDD1CC949ED00FD62E6 /* Project object */;
}
